<?xml version="1.0" encoding="utf-8"?>
<Project ToolsVersion="4.0" xmlns="http://schemas.microsoft.com/developer/msbuild/2003">
  <ItemGroup>
    <Filter Include="Source Files">
      <UniqueIdentifier>{4FC737F1-C7A5-4376-A066-2A32D752A2FF}</UniqueIdentifier>
      <Extensions>cpp;c;cc;cxx;def;odl;idl;hpj;bat;asm;asmx</Extensions>
    </Filter>
    <Filter Include="Header Files">
      <UniqueIdentifier>{93995380-89BD-4b04-88EB-625FBE52EBFB}</UniqueIdentifier>
      <Extensions>h;hh;hpp;hxx;hm;inl;inc;xsd</Extensions>
    </Filter>
    <Filter Include="Resource Files">
      <UniqueIdentifier>{67DA6AB6-F800-4c08-8B7A-83BB121AAD01}</UniqueIdentifier>
      <Extensions>rc;ico;cur;bmp;dlg;rc2;rct;bin;rgs;gif;jpg;jpeg;jpe;resx;tiff;tif;png;wav;mfcribbon-ms</Extensions>
    </Filter>
  </ItemGroup>
  <ItemGroup>
    <Text Include="ReadMe.txt" />
  </ItemGroup>
  <ItemGroup>
    <ClInclude Include="JamCad.h">
      <Filter>Header Files</Filter>
    </ClInclude>
    <ClInclude Include="stdafx.h">
      <Filter>Header Files</Filter>
    </ClInclude>
    <ClInclude Include="targetver.h">
      <Filter>Header Files</Filter>
    </ClInclude>
    <ClInclude Include="MainFrm.h">
      <Filter>Header Files</Filter>
    </ClInclude>
    <ClInclude Include="ChildFrm.h">
      <Filter>Header Files</Filter>
    </ClInclude>
    <ClInclude Include="JamCadProjDoc.h">
      <Filter>Header Files</Filter>
    </ClInclude>
    <ClInclude Include="JamCadProjView.h">
      <Filter>Header Files</Filter>
    </ClInclude>
    <ClInclude Include="Resource.h">
      <Filter>Header Files</Filter>
    </ClInclude>
    <ClInclude Include="CadObject.h">
      <Filter>Header Files</Filter>
    </ClInclude>
    <ClInclude Include="Scale.h">
      <Filter>Header Files</Filter>
    </ClInclude>
    <ClInclude Include="JamCadDefines.h">
      <Filter>Header Files</Filter>
    </ClInclude>
    <ClInclude Include="JamCadSchView.h">
      <Filter>Header Files</Filter>
    </ClInclude>
    <ClInclude Include="JamCadSchDoc.h">
      <Filter>Header Files</Filter>
    </ClInclude>
    <ClInclude Include="Lexer.h">
      <Filter>Header Files</Filter>
    </ClInclude>
    <ClInclude Include="Prop.h">
      <Filter>Header Files</Filter>
    </ClInclude>
    <ClInclude Include="PropField.h">
      <Filter>Header Files</Filter>
    </ClInclude>
    <ClInclude Include="JamSch.h">
      <Filter>Header Files</Filter>
    </ClInclude>
    <ClInclude Include="CadLine.h">
      <Filter>Header Files</Filter>
    </ClInclude>
    <ClInclude Include="CadRect.h">
      <Filter>Header Files</Filter>
    </ClInclude>
    <ClInclude Include="CadElispe.h">
      <Filter>Header Files</Filter>
    </ClInclude>
    <ClInclude Include="CadRndRect.h">
      <Filter>Header Files</Filter>
    </ClInclude>
    <ClInclude Include="CadPolygon.h">
      <Filter>Header Files</Filter>
    </ClInclude>
    <ClInclude Include="CadPolyFilled.h">
      <Filter>Header Files</Filter>
    </ClInclude>
    <ClInclude Include="CadLibComp.h">
      <Filter>Header Files</Filter>
    </ClInclude>
    <ClInclude Include="CadHoleRound.h">
      <Filter>Header Files</Filter>
    </ClInclude>
    <ClInclude Include="CadHoleRect.h">
      <Filter>Header Files</Filter>
    </ClInclude>
    <ClInclude Include="CadHoleRnd2Flat.h">
      <Filter>Header Files</Filter>
    </ClInclude>
    <ClInclude Include="CadText.h">
      <Filter>Header Files</Filter>
    </ClInclude>
    <ClInclude Include="CadArc.h">
      <Filter>Header Files</Filter>
    </ClInclude>
    <ClInclude Include="CadArcCent.h">
      <Filter>Header Files</Filter>
    </ClInclude>
    <ClInclude Include="CadBitmap.h">
      <Filter>Header Files</Filter>
    </ClInclude>
    <ClInclude Include="CadArrow.h">
      <Filter>Header Files</Filter>
    </ClInclude>
    <ClInclude Include="CadOrigin.h">
      <Filter>Header Files</Filter>
    </ClInclude>
    <ClInclude Include="CadDimension.h">
      <Filter>Header Files</Filter>
    </ClInclude>
    <ClInclude Include="CadWire.h">
      <Filter>Header Files</Filter>
    </ClInclude>
    <ClInclude Include="CadBus.h">
      <Filter>Header Files</Filter>
    </ClInclude>
    <ClInclude Include="CadSchPart.h">
      <Filter>Header Files</Filter>
    </ClInclude>
    <ClInclude Include="CadPower.h">
      <Filter>Header Files</Filter>
    </ClInclude>
    <ClInclude Include="CadSheet.h">
      <Filter>Header Files</Filter>
    </ClInclude>
    <ClInclude Include="CadSheetPort.h">
      <Filter>Header Files</Filter>
    </ClInclude>
    <ClInclude Include="CadSheetPin.h">
      <Filter>Header Files</Filter>
    </ClInclude>
    <ClInclude Include="CadBusEntry.h">
      <Filter>Header Files</Filter>
    </ClInclude>
    <ClInclude Include="CadJunction.h">
      <Filter>Header Files</Filter>
    </ClInclude>
    <ClInclude Include="JamCadLibDoc.h">
      <Filter>Header Files</Filter>
    </ClInclude>
    <ClInclude Include="FrontCadDoc.h">
      <Filter>Header Files</Filter>
    </ClInclude>
    <ClInclude Include="FrontCadView.h">
      <Filter>Header Files</Filter>
    </ClInclude>
    <ClInclude Include="FrontCadDwg.h">
      <Filter>Header Files</Filter>
    </ClInclude>
    <ClInclude Include="PropertyEditor.h">
      <Filter>Header Files</Filter>
    </ClInclude>
    <ClInclude Include="PropertyEditorDlg.h">
      <Filter>Header Files</Filter>
    </ClInclude>
    <ClInclude Include="CadHoleRnd1Flat.h">
      <Filter>Header Files</Filter>
    </ClInclude>
    <ClInclude Include="RulerSplitterWindow.h">
      <Filter>Header Files</Filter>
    </ClInclude>
    <ClInclude Include="RulerView.h">
      <Filter>Header Files</Filter>
    </ClInclude>
    <ClInclude Include="RulerCornerView.h">
      <Filter>Header Files</Filter>
    </ClInclude>
    <ClInclude Include="FrontCadChildFrame.h">
      <Filter>Header Files</Filter>
    </ClInclude>
    <ClInclude Include="PcbView.h">
      <Filter>Header Files</Filter>
    </ClInclude>
    <ClInclude Include="PcbDoc.h">
      <Filter>Header Files</Filter>
    </ClInclude>
    <ClInclude Include="PcbDwg.h">
      <Filter>Header Files</Filter>
    </ClInclude>
    <ClInclude Include="PcbLibView.h">
      <Filter>Header Files</Filter>
    </ClInclude>
    <ClInclude Include="PcbLibDoc.h">
      <Filter>Header Files</Filter>
    </ClInclude>
    <ClInclude Include="PcbLibDwg.h">
      <Filter>Header Files</Filter>
    </ClInclude>
    <ClInclude Include="CadTrack.h">
      <Filter>Header Files</Filter>
    </ClInclude>
    <ClInclude Include="CadVia.h">
      <Filter>Header Files</Filter>
    </ClInclude>
    <ClInclude Include="CadFillArea.h">
      <Filter>Header Files</Filter>
    </ClInclude>
    <ClInclude Include="CadPcbComp.h">
      <Filter>Header Files</Filter>
    </ClInclude>
    <ClInclude Include="CadPad.h">
      <Filter>Header Files</Filter>
    </ClInclude>
    <ClInclude Include="CadArcPcb.h">
      <Filter>Header Files</Filter>
    </ClInclude>
    <ClInclude Include="AutoScrollView.h">
      <Filter>Header Files</Filter>
    </ClInclude>
    <ClInclude Include="JamCadSchLibPartView.h">
      <Filter>Header Files</Filter>
    </ClInclude>
    <ClInclude Include="JamCadSchLibPartDoc.h">
      <Filter>Header Files</Filter>
    </ClInclude>
    <ClInclude Include="DlgPinProp.h">
      <Filter>Header Files</Filter>
    </ClInclude>
    <ClInclude Include="ComboBitmap.h">
      <Filter>Header Files</Filter>
    </ClInclude>
    <ClInclude Include="MyListBox.h">
      <Filter>Header Files</Filter>
    </ClInclude>
    <ClInclude Include="ComboBoxItem.h">
      <Filter>Header Files</Filter>
    </ClInclude>
    <ClInclude Include="StaticPreview.h">
      <Filter>Header Files</Filter>
    </ClInclude>
    <ClInclude Include="CadPin.h">
      <Filter>Header Files</Filter>
    </ClInclude>
    <ClInclude Include="DlgTextProperties.h">
      <Filter>Header Files</Filter>
    </ClInclude>
    <ClInclude Include="EditDecimal.h">
      <Filter>Header Files</Filter>
    </ClInclude>
    <ClInclude Include="StaticBitmap.h">
      <Filter>Header Files</Filter>
    </ClInclude>
    <ClInclude Include="ComboBoxFontWeight.h">
      <Filter>Header Files</Filter>
    </ClInclude>
    <ClInclude Include="DlgLineAttributes.h">
      <Filter>Header Files</Filter>
    </ClInclude>
    <ClInclude Include="DlgRectProperties.h">
      <Filter>Header Files</Filter>
    </ClInclude>
    <ClInclude Include="DlgEllispeProperties.h">
      <Filter>Header Files</Filter>
    </ClInclude>
    <ClInclude Include="DlgPoloyProperties.h">
      <Filter>Header Files</Filter>
    </ClInclude>
    <ClInclude Include="DlgRndRectProperties.h">
      <Filter>Header Files</Filter>
    </ClInclude>
    <ClInclude Include="MyBitmap.h">
      <Filter>Header Files</Filter>
    </ClInclude>
    <ClInclude Include="DlgBitmapProperties.h">
      <Filter>Header Files</Filter>
    </ClInclude>
    <ClInclude Include="DlgArcProperties.h">
      <Filter>Header Files</Filter>
    </ClInclude>
    <ClInclude Include="DlgArcCentProperies.h">
      <Filter>Header Files</Filter>
    </ClInclude>
    <ClInclude Include="DlgPolyFilledProperties.h">
      <Filter>Header Files</Filter>
    </ClInclude>
    <ClInclude Include="DlgArrowProperties.h">
      <Filter>Header Files</Filter>
    </ClInclude>
    <ClInclude Include="PropString.h">
      <Filter>Header Files</Filter>
    </ClInclude>
    <ClInclude Include="PropInt.h">
      <Filter>Header Files</Filter>
    </ClInclude>
    <ClInclude Include="PropSelInt.h">
      <Filter>Header Files</Filter>
    </ClInclude>
    <ClInclude Include="PropSelString.h">
      <Filter>Header Files</Filter>
    </ClInclude>
    <ClInclude Include="MoveObjects.h">
      <Filter>Header Files</Filter>
    </ClInclude>
    <ClInclude Include="JamCadPcbLibView.h">
      <Filter>Header Files</Filter>
    </ClInclude>
    <ClInclude Include="JamCadLibView.h">
      <Filter>Header Files</Filter>
    </ClInclude>
    <ClInclude Include="DlgSchPartProp.h">
      <Filter>Header Files</Filter>
    </ClInclude>
    <ClInclude Include="CadSchLib.h">
      <Filter>Header Files</Filter>
    </ClInclude>
    <ClInclude Include="DlgSchLibProp.h">
      <Filter>Header Files</Filter>
    </ClInclude>
    <ClInclude Include="MyMultiDocTemplate.h">
      <Filter>Header Files</Filter>
    </ClInclude>
  </ItemGroup>
  <ItemGroup>
    <ClCompile Include="JamCad.cpp">
      <Filter>Source Files</Filter>
    </ClCompile>
    <ClCompile Include="stdafx.cpp">
      <Filter>Source Files</Filter>
    </ClCompile>
    <ClCompile Include="MainFrm.cpp">
      <Filter>Source Files</Filter>
    </ClCompile>
    <ClCompile Include="ChildFrm.cpp">
      <Filter>Source Files</Filter>
    </ClCompile>
    <ClCompile Include="JamCadProjDoc.cpp">
      <Filter>Source Files</Filter>
    </ClCompile>
    <ClCompile Include="JamCadProjView.cpp">
      <Filter>Source Files</Filter>
    </ClCompile>
    <ClCompile Include="CadObject.cpp">
      <Filter>Source Files</Filter>
    </ClCompile>
    <ClCompile Include="Scale.cpp">
      <Filter>Source Files</Filter>
    </ClCompile>
    <ClCompile Include="JamCadSchView.cpp">
      <Filter>Source Files</Filter>
    </ClCompile>
    <ClCompile Include="JamCadSchDoc.cpp">
      <Filter>Source Files</Filter>
    </ClCompile>
    <ClCompile Include="Lexer.cpp">
      <Filter>Source Files</Filter>
    </ClCompile>
    <ClCompile Include="Prop.cpp">
      <Filter>Source Files</Filter>
    </ClCompile>
    <ClCompile Include="JamSch.cpp">
      <Filter>Source Files</Filter>
    </ClCompile>
    <ClCompile Include="CadLine.cpp">
      <Filter>Source Files</Filter>
    </ClCompile>
    <ClCompile Include="CadRect.cpp">
      <Filter>Source Files</Filter>
    </ClCompile>
    <ClCompile Include="CadElispe.cpp">
      <Filter>Source Files</Filter>
    </ClCompile>
    <ClCompile Include="CadRndRect.cpp">
      <Filter>Source Files</Filter>
    </ClCompile>
    <ClCompile Include="CadPolygon.cpp">
      <Filter>Source Files</Filter>
    </ClCompile>
    <ClCompile Include="CadPolyFilled.cpp">
      <Filter>Source Files</Filter>
    </ClCompile>
    <ClCompile Include="CadLibComp.cpp">
      <Filter>Source Files</Filter>
    </ClCompile>
    <ClCompile Include="CadHoleRound.cpp">
      <Filter>Source Files</Filter>
    </ClCompile>
    <ClCompile Include="CadHoleRect.cpp">
      <Filter>Source Files</Filter>
    </ClCompile>
    <ClCompile Include="CadHoleRnd2Flat.cpp">
      <Filter>Source Files</Filter>
    </ClCompile>
    <ClCompile Include="CadText.cpp">
      <Filter>Source Files</Filter>
    </ClCompile>
    <ClCompile Include="CadArc.cpp">
      <Filter>Source Files</Filter>
    </ClCompile>
    <ClCompile Include="CadArcCent.cpp">
      <Filter>Source Files</Filter>
    </ClCompile>
    <ClCompile Include="CadBitmap.cpp">
      <Filter>Source Files</Filter>
    </ClCompile>
    <ClCompile Include="CadArrow.cpp">
      <Filter>Source Files</Filter>
    </ClCompile>
    <ClCompile Include="CadOrigin.cpp">
      <Filter>Source Files</Filter>
    </ClCompile>
    <ClCompile Include="CadDimension.cpp">
      <Filter>Source Files</Filter>
    </ClCompile>
    <ClCompile Include="CadWire.cpp">
      <Filter>Source Files</Filter>
    </ClCompile>
    <ClCompile Include="CadBus.cpp">
      <Filter>Source Files</Filter>
    </ClCompile>
    <ClCompile Include="CadSchPart.cpp">
      <Filter>Source Files</Filter>
    </ClCompile>
    <ClCompile Include="CadPower.cpp">
      <Filter>Source Files</Filter>
    </ClCompile>
    <ClCompile Include="CadSheet.cpp">
      <Filter>Source Files</Filter>
    </ClCompile>
    <ClCompile Include="CadSheetPort.cpp">
      <Filter>Source Files</Filter>
    </ClCompile>
    <ClCompile Include="CadSheetPin.cpp">
      <Filter>Source Files</Filter>
    </ClCompile>
    <ClCompile Include="CadBusEntry.cpp">
      <Filter>Source Files</Filter>
    </ClCompile>
    <ClCompile Include="CadJunction.cpp">
      <Filter>Source Files</Filter>
    </ClCompile>
    <ClCompile Include="JamCadLibView.cpp">
      <Filter>Source Files</Filter>
    </ClCompile>
    <ClCompile Include="JamCadLibDoc.cpp">
      <Filter>Source Files</Filter>
    </ClCompile>
    <ClCompile Include="FrontCadDoc.cpp">
      <Filter>Source Files</Filter>
    </ClCompile>
    <ClCompile Include="FrontCadView.cpp">
      <Filter>Source Files</Filter>
    </ClCompile>
    <ClCompile Include="FrontCadDwg.cpp">
      <Filter>Source Files</Filter>
    </ClCompile>
    <ClCompile Include="PropertyEditor.cpp">
      <Filter>Source Files</Filter>
    </ClCompile>
    <ClCompile Include="PropField.cpp">
      <Filter>Source Files</Filter>
    </ClCompile>
    <ClCompile Include="PropertyEditorDlg.cpp">
      <Filter>Source Files</Filter>
    </ClCompile>
    <ClCompile Include="CadHoleRnd1Flat.cpp">
      <Filter>Source Files</Filter>
    </ClCompile>
    <ClCompile Include="RulerSplitterWindow.cpp">
      <Filter>Source Files</Filter>
    </ClCompile>
    <ClCompile Include="RulerView.cpp">
      <Filter>Source Files</Filter>
    </ClCompile>
    <ClCompile Include="RulerCornerView.cpp">
      <Filter>Source Files</Filter>
    </ClCompile>
    <ClCompile Include="FrontCadChildFrame.cpp">
      <Filter>Source Files</Filter>
    </ClCompile>
    <ClCompile Include="PcbView.cpp">
      <Filter>Source Files</Filter>
    </ClCompile>
    <ClCompile Include="PcbDoc.cpp">
      <Filter>Source Files</Filter>
    </ClCompile>
    <ClCompile Include="PcbDwg.cpp">
      <Filter>Source Files</Filter>
    </ClCompile>
    <ClCompile Include="PcbLibView.cpp">
      <Filter>Source Files</Filter>
    </ClCompile>
    <ClCompile Include="PcbLibDoc.cpp">
      <Filter>Source Files</Filter>
    </ClCompile>
    <ClCompile Include="PcbLibDwg.cpp">
      <Filter>Source Files</Filter>
    </ClCompile>
    <ClCompile Include="CadTrack.cpp">
      <Filter>Source Files</Filter>
    </ClCompile>
    <ClCompile Include="CadVia.cpp">
      <Filter>Source Files</Filter>
    </ClCompile>
    <ClCompile Include="CadFillArea.cpp">
      <Filter>Source Files</Filter>
    </ClCompile>
    <ClCompile Include="CadPcbComp.cpp">
      <Filter>Source Files</Filter>
    </ClCompile>
    <ClCompile Include="CadPad.cpp">
      <Filter>Source Files</Filter>
    </ClCompile>
    <ClCompile Include="CadArcPcb.cpp">
      <Filter>Source Files</Filter>
    </ClCompile>
    <ClCompile Include="AutoScrollView.cpp">
      <Filter>Source Files</Filter>
    </ClCompile>
    <ClCompile Include="JamCadSchLibPartView.cpp">
      <Filter>Source Files</Filter>
    </ClCompile>
    <ClCompile Include="JamCadSchLibPartDoc.cpp">
      <Filter>Source Files</Filter>
    </ClCompile>
    <ClCompile Include="DlgPinProp.cpp">
      <Filter>Source Files</Filter>
    </ClCompile>
    <ClCompile Include="ComboBitmap.cpp">
      <Filter>Source Files</Filter>
    </ClCompile>
    <ClCompile Include="MyListBox.cpp">
      <Filter>Source Files</Filter>
    </ClCompile>
    <ClCompile Include="ComboBoxItem.cpp">
      <Filter>Source Files</Filter>
    </ClCompile>
    <ClCompile Include="StaticPreview.cpp">
      <Filter>Source Files</Filter>
    </ClCompile>
    <ClCompile Include="CadPin.cpp">
      <Filter>Source Files</Filter>
    </ClCompile>
    <ClCompile Include="DlgTextProperties.cpp">
      <Filter>Source Files</Filter>
    </ClCompile>
    <ClCompile Include="ArcTan.cpp">
      <Filter>Source Files</Filter>
    </ClCompile>
    <ClCompile Include="EditDecimal.cpp">
      <Filter>Source Files</Filter>
    </ClCompile>
    <ClCompile Include="StaticBitmap.cpp">
      <Filter>Source Files</Filter>
    </ClCompile>
    <ClCompile Include="ComboBoxFontWeight.cpp">
      <Filter>Source Files</Filter>
    </ClCompile>
    <ClCompile Include="DlgLineAttributes.cpp">
      <Filter>Source Files</Filter>
    </ClCompile>
    <ClCompile Include="DlgRectProperties.cpp">
      <Filter>Source Files</Filter>
    </ClCompile>
    <ClCompile Include="DlgEllispeProperties.cpp">
      <Filter>Source Files</Filter>
    </ClCompile>
    <ClCompile Include="DlgPoloyProperties.cpp">
      <Filter>Source Files</Filter>
    </ClCompile>
    <ClCompile Include="DlgRndRectProperties.cpp">
      <Filter>Source Files</Filter>
    </ClCompile>
    <ClCompile Include="MyBitmap.cpp">
      <Filter>Source Files</Filter>
    </ClCompile>
    <ClCompile Include="DlgBitmapProperties.cpp">
      <Filter>Source Files</Filter>
    </ClCompile>
    <ClCompile Include="DlgArcProperties.cpp">
      <Filter>Source Files</Filter>
    </ClCompile>
    <ClCompile Include="DlgArcCentProperies.cpp">
      <Filter>Source Files</Filter>
    </ClCompile>
    <ClCompile Include="DlgPolyFilledProperties.cpp">
      <Filter>Source Files</Filter>
    </ClCompile>
    <ClCompile Include="DlgArrowProperties.cpp">
      <Filter>Source Files</Filter>
    </ClCompile>
    <ClCompile Include="PropString.cpp">
      <Filter>Source Files</Filter>
    </ClCompile>
    <ClCompile Include="PropInt.cpp">
      <Filter>Source Files</Filter>
    </ClCompile>
    <ClCompile Include="PropSelInt.cpp">
      <Filter>Source Files</Filter>
    </ClCompile>
    <ClCompile Include="PropSelString.cpp">
      <Filter>Source Files</Filter>
    </ClCompile>
    <ClCompile Include="MoveObjects.cpp">
      <Filter>Source Files</Filter>
    </ClCompile>
    <ClCompile Include="JamCadPcbLibView.cpp">
      <Filter>Source Files</Filter>
    </ClCompile>
    <ClCompile Include="DlgSchPartProp.cpp">
      <Filter>Source Files</Filter>
    </ClCompile>
    <ClCompile Include="CadSchLib.cpp">
      <Filter>Source Files</Filter>
    </ClCompile>
    <ClCompile Include="DlgSchLibProp.cpp">
      <Filter>Source Files</Filter>
    </ClCompile>
    <ClCompile Include="MyMultiDocTemplate.cpp">
      <Filter>Source Files</Filter>
    </ClCompile>
  </ItemGroup>
  <ItemGroup>
    <None Include="JamCad.reg" />
    <None Include="res\JamCad.rc2">
      <Filter>Resource Files</Filter>
    </None>
  </ItemGroup>
  <ItemGroup>
    <ResourceCompile Include="JamCad.rc">
      <Filter>Resource Files</Filter>
    </ResourceCompile>
  </ItemGroup>
  <ItemGroup>
    <Image Include="res\JamCadDoc.ico">
      <Filter>Resource Files</Filter>
    </Image>
    <Image Include="res\JamCad.ico">
      <Filter>Resource Files</Filter>
    </Image>
    <Image Include="res\Toolbar.bmp">
      <Filter>Resource Files</Filter>
    </Image>
    <Image Include="res\mainfram.bmp">
      <Filter>Resource Files</Filter>
    </Image>
    <Image Include="res\FrontCadToolBar.bmp">
      <Filter>Resource Files</Filter>
    </Image>
    <Image Include="res\bitmap1.bmp">
      <Filter>Resource Files</Filter>
    </Image>
    <Image Include="res\pinleft.bmp">
      <Filter>Resource Files</Filter>
    </Image>
    <Image Include="res\pinRight.bmp">
      <Filter>Resource Files</Filter>
    </Image>
    <Image Include="res\PinUp.bmp">
      <Filter>Resource Files</Filter>
    </Image>
    <Image Include="res\PinDown.bmp">
      <Filter>Resource Files</Filter>
    </Image>
    <Image Include="res\Line.bmp">
      <Filter>Resource Files</Filter>
    </Image>
    <Image Include="res\DotLine.bmp">
      <Filter>Resource Files</Filter>
    </Image>
    <Image Include="res\bitmap2.bmp">
      <Filter>Resource Files</Filter>
    </Image>
    <Image Include="res\Clock.bmp">
      <Filter>Resource Files</Filter>
    </Image>
    <Image Include="res\LineInv.bmp">
      <Filter>Resource Files</Filter>
    </Image>
    <Image Include="res\ClockInv.bmp">
      <Filter>Resource Files</Filter>
    </Image>
    <Image Include="res\ClockInverted.bmp">
      <Filter>Resource Files</Filter>
    </Image>
  </ItemGroup>
</Project>